
Microsoft Visual Studio Solution File, Format Version 12.00
# Visual Studio Version 17
VisualStudioVersion = 17.4.33205.214
MinimumVisualStudioVersion = 10.0.40219.1
Project("{888888A0-9F3D-457C-B088-3A5042F75D52}") = "PythonAleksanderGruntal_DZ_IF", "PythonAleksanderGruntal_DZ_IF\PythonAleksanderGruntal_DZ_IF.pyproj", "{0C994C0A-CC9F-4D12-BD96-CDFB44B67476}"
EndProject
Global
	GlobalSection(SolutionConfigurationPlatforms) = preSolution
		Debug|Any CPU = Debug|Any CPU
		Release|Any CPU = Release|Any CPU
	EndGlobalSection
	GlobalSection(ProjectConfigurationPlatforms) = postSolution
		{0C994C0A-CC9F-4D12-BD96-CDFB44B67476}.Debug|Any CPU.ActiveCfg = Debug|Any CPU
		{0C994C0A-CC9F-4D12-BD96-CDFB44B67476}.Release|Any CPU.ActiveCfg = Release|Any CPU
	EndGlobalSection
	GlobalSection(SolutionProperties) = preSolution
		HideSolutionNode = FALSE
	EndGlobalSection
	GlobalSection(ExtensibilityGlobals) = postSolution
		SolutionGuid = {D88AEB57-664C-4B21-931A-60B1757DE3E0}
	EndGlobalSection
EndGlobal
